
Microsoft Visual Studio Solution File, Format Version 12.00
# Visual Studio 15
VisualStudioVersion = 15.0.27130.2027
MinimumVisualStudioVersion = 10.0.40219.1
Project("{8BC9CEB8-8B4A-11D0-8D11-00A0C91BC942}") = "MinidriverTest", "MinidriverTest\MinidriverTest.vcxproj", "{6583AF5E-3A35-4F41-AE35-AC5632E381A8}"
EndProject
Global
	GlobalSection(SolutionConfigurationPlatforms) = preSolution
		Debug|x64 = Debug|x64
		Debug|x86 = Debug|x86
		Release|x64 = Release|x64
		Release|x86 = Release|x86
	EndGlobalSection
	GlobalSection(ProjectConfigurationPlatforms) = postSolution
		{6583AF5E-3A35-4F41-AE35-AC5632E381A8}.Debug|x64.ActiveCfg = Debug|x64
		{6583AF5E-3A35-4F41-AE35-AC5632E381A8}.Debug|x64.Build.0 = Debug|x64
		{6583AF5E-3A35-4F41-AE35-AC5632E381A8}.Debug|x86.ActiveCfg = Debug|Win32
		{6583AF5E-3A35-4F41-AE35-AC5632E381A8}.Debug|x86.Build.0 = Debug|Win32
		{6583AF5E-3A35-4F41-AE35-AC5632E381A8}.Release|x64.ActiveCfg = Release|x64
		{6583AF5E-3A35-4F41-AE35-AC5632E381A8}.Release|x64.Build.0 = Release|x64
		{6583AF5E-3A35-4F41-AE35-AC5632E381A8}.Release|x86.ActiveCfg = Release|Win32
		{6583AF5E-3A35-4F41-AE35-AC5632E381A8}.Release|x86.Build.0 = Release|Win32
	EndGlobalSection
	GlobalSection(SolutionProperties) = preSolution
		HideSolutionNode = FALSE
	EndGlobalSection
	GlobalSection(ExtensibilityGlobals) = postSolution
		SolutionGuid = {F0374379-A503-4B6E-84B8-88D6328BCFC1}
	EndGlobalSection
EndGlobal
